
Microsoft Visual Studio Solution File, Format Version 12.00
# Visual Studio 15
VisualStudioVersion = 15.0.28010.2003
MinimumVisualStudioVersion = 10.0.40219.1
Project("{FAE04EC0-301F-11D3-BF4B-00C04F79EFBC}") = "WordSearch", "WordSearch\WordSearch.csproj", "{9B512BEA-9C08-4B1B-917E-EF0F6337450C}"
EndProject
Project("{FAE04EC0-301F-11D3-BF4B-00C04F79EFBC}") = "WordSearchTests", "..\WordSearchTests\WordSearchTests.csproj", "{A6044C9C-761A-406C-B5DC-ACAA019CE368}"
EndProject
Global
	GlobalSection(SolutionConfigurationPlatforms) = preSolution
		Debug|Any CPU = Debug|Any CPU
		Release|Any CPU = Release|Any CPU
	EndGlobalSection
	GlobalSection(ProjectConfigurationPlatforms) = postSolution
		{9B512BEA-9C08-4B1B-917E-EF0F6337450C}.Debug|Any CPU.ActiveCfg = Debug|Any CPU
		{9B512BEA-9C08-4B1B-917E-EF0F6337450C}.Debug|Any CPU.Build.0 = Debug|Any CPU
		{9B512BEA-9C08-4B1B-917E-EF0F6337450C}.Release|Any CPU.ActiveCfg = Release|Any CPU
		{9B512BEA-9C08-4B1B-917E-EF0F6337450C}.Release|Any CPU.Build.0 = Release|Any CPU
		{A6044C9C-761A-406C-B5DC-ACAA019CE368}.Debug|Any CPU.ActiveCfg = Debug|Any CPU
		{A6044C9C-761A-406C-B5DC-ACAA019CE368}.Debug|Any CPU.Build.0 = Debug|Any CPU
		{A6044C9C-761A-406C-B5DC-ACAA019CE368}.Release|Any CPU.ActiveCfg = Release|Any CPU
		{A6044C9C-761A-406C-B5DC-ACAA019CE368}.Release|Any CPU.Build.0 = Release|Any CPU
	EndGlobalSection
	GlobalSection(SolutionProperties) = preSolution
		HideSolutionNode = FALSE
	EndGlobalSection
	GlobalSection(ExtensibilityGlobals) = postSolution
		SolutionGuid = {046A5F68-FF5E-4FAB-95C7-52C7BBEAFAEA}
	EndGlobalSection
EndGlobal
